{
  "name": "hackthon-2022",
  "lockfileVersion": 2,
  "requires": true,
  "packages": {
    "": {
      "dependencies": {
        "@editorjs/editorjs": "^2.23.2"
      }
    },
    "node_modules/@editorjs/editorjs": {
      "version": "2.23.2",
      "resolved": "https://registry.npmjs.org/@editorjs/editorjs/-/editorjs-2.23.2.tgz",
      "integrity": "sha512-SXWQjxE/ZO6zWvo83U+gfkM9LVJzYOtNkttyXkdfyYALVWiENyxtlej/Jmd1TZ4yWpKwQEICPXz0ceGkzKnJyQ==",
      "dependencies": {
        "codex-notifier": "^1.1.2",
        "codex-tooltip": "^1.0.4",
        "nanoid": "^3.1.22"
      }
    },
    "node_modules/codex-notifier": {
      "version": "1.1.2",
      "resolved": "https://registry.npmjs.org/codex-notifier/-/codex-notifier-1.1.2.tgz",
      "integrity": "sha512-DCp6xe/LGueJ1N5sXEwcBc3r3PyVkEEDNWCVigfvywAkeXcZMk9K41a31tkEFBW0Ptlwji6/JlAb49E3Yrxbtg=="
    },
    "node_modules/codex-tooltip": {
      "version": "1.0.4",
      "resolved": "https://registry.npmjs.org/codex-tooltip/-/codex-tooltip-1.0.4.tgz",
      "integrity": "sha512-Ud+N+y8PMIa9xGyKuo2j3q8QlfTzkMWQ5KeRrbCDerwVn7xq45nqPKQCFBXEMV0YI42/OqSMnsxP8MyVAyVhnA=="
    },
    "node_modules/nanoid": {
      "version": "3.3.1",
      "resolved": "https://registry.npmjs.org/nanoid/-/nanoid-3.3.1.tgz",
      "integrity": "sha512-n6Vs/3KGyxPQd6uO0eH4Bv0ojGSUvuLlIHtC3Y0kEO23YRge8H9x1GCzLn28YX0H66pMkxuaeESFq4tKISKwdw==",
      "bin": {
        "nanoid": "bin/nanoid.cjs"
      },
      "engines": {
        "node": "^10 || ^12 || ^13.7 || ^14 || >=15.0.1"
      }
    }
  },
  "dependencies": {
    "@editorjs/editorjs": {
      "version": "2.23.2",
      "resolved": "https://registry.npmjs.org/@editorjs/editorjs/-/editorjs-2.23.2.tgz",
      "integrity": "sha512-SXWQjxE/ZO6zWvo83U+gfkM9LVJzYOtNkttyXkdfyYALVWiENyxtlej/Jmd1TZ4yWpKwQEICPXz0ceGkzKnJyQ==",
      "requires": {
        "codex-notifier": "^1.1.2",
        "codex-tooltip": "^1.0.4",
        "nanoid": "^3.1.22"
      }
    },
    "codex-notifier": {
      "version": "1.1.2",
      "resolved": "https://registry.npmjs.org/codex-notifier/-/codex-notifier-1.1.2.tgz",
      "integrity": "sha512-DCp6xe/LGueJ1N5sXEwcBc3r3PyVkEEDNWCVigfvywAkeXcZMk9K41a31tkEFBW0Ptlwji6/JlAb49E3Yrxbtg=="
    },
    "codex-tooltip": {
      "version": "1.0.4",
      "resolved": "https://registry.npmjs.org/codex-tooltip/-/codex-tooltip-1.0.4.tgz",
      "integrity": "sha512-Ud+N+y8PMIa9xGyKuo2j3q8QlfTzkMWQ5KeRrbCDerwVn7xq45nqPKQCFBXEMV0YI42/OqSMnsxP8MyVAyVhnA=="
    },
    "nanoid": {
      "version": "3.3.1",
      "resolved": "https://registry.npmjs.org/nanoid/-/nanoid-3.3.1.tgz",
      "integrity": "sha512-n6Vs/3KGyxPQd6uO0eH4Bv0ojGSUvuLlIHtC3Y0kEO23YRge8H9x1GCzLn28YX0H66pMkxuaeESFq4tKISKwdw=="
    }
  }
}
